
Microsoft Visual Studio Solution File, Format Version 12.00
# Visual Studio Version 17
VisualStudioVersion = 17.5.002.0
MinimumVisualStudioVersion = 10.0.40219.1
Project("{9A19103F-16F7-4668-BE54-9A1E7A4F7556}") = "wpf-calc", "wpf-calc/wpf-calc.csproj", "{EA5372EB-3078-46FC-AB4D-5501FD094F7E}"
EndProject
Project("{9A19103F-16F7-4668-BE54-9A1E7A4F7556}") = "TestProject1", "UnitTest/TestProject1.csproj", "{B1A66E5F-1BB3-417B-9E12-242E08F7C899}"
EndProject
Global
	GlobalSection(SolutionConfigurationPlatforms) = preSolution
		Debug|Any CPU = Debug|Any CPU
		Release|Any CPU = Release|Any CPU
	EndGlobalSection
	GlobalSection(ProjectConfigurationPlatforms) = postSolution
		{EA5372EB-3078-46FC-AB4D-5501FD094F7E}.Debug|Any CPU.ActiveCfg = Debug|Any CPU
		{EA5372EB-3078-46FC-AB4D-5501FD094F7E}.Debug|Any CPU.Build.0 = Debug|Any CPU
		{EA5372EB-3078-46FC-AB4D-5501FD094F7E}.Release|Any CPU.ActiveCfg = Release|Any CPU
		{EA5372EB-3078-46FC-AB4D-5501FD094F7E}.Release|Any CPU.Build.0 = Release|Any CPU
	EndGlobalSection
	GlobalSection(SolutionProperties) = preSolution
		HideSolutionNode = FALSE
	EndGlobalSection
	GlobalSection(ExtensibilityGlobals) = postSolution
		SolutionGuid = {67D144ED-1CC7-4268-BB24-5A30021187BD}
	EndGlobalSection
EndGlobal
